
Microsoft Visual Studio Solution File, Format Version 12.00
# Visual Studio Version 16
VisualStudioVersion = 16.0.29418.71
MinimumVisualStudioVersion = 10.0.40219.1
Project("{FAE04EC0-301F-11D3-BF4B-00C04F79EFBC}") = "Jettison173", "Jettison173.csproj", "{EC602D7E-17C4-43C5-B218-3CD265EBF3EE}"
EndProject
Global
	GlobalSection(SolutionConfigurationPlatforms) = preSolution
		Debug|Any CPU = Debug|Any CPU
		Release|Any CPU = Release|Any CPU
	EndGlobalSection
	GlobalSection(ProjectConfigurationPlatforms) = postSolution
		{EC602D7E-17C4-43C5-B218-3CD265EBF3EE}.Debug|Any CPU.ActiveCfg = Debug|Any CPU
		{EC602D7E-17C4-43C5-B218-3CD265EBF3EE}.Debug|Any CPU.Build.0 = Debug|Any CPU
		{EC602D7E-17C4-43C5-B218-3CD265EBF3EE}.Release|Any CPU.ActiveCfg = Release|Any CPU
		{EC602D7E-17C4-43C5-B218-3CD265EBF3EE}.Release|Any CPU.Build.0 = Release|Any CPU
	EndGlobalSection
	GlobalSection(SolutionProperties) = preSolution
		HideSolutionNode = FALSE
	EndGlobalSection
	GlobalSection(ExtensibilityGlobals) = postSolution
		SolutionGuid = {5124837C-0D2E-4B43-BC80-43B834161047}
	EndGlobalSection
EndGlobal
